
Microsoft Visual Studio Solution File, Format Version 11.00
# Visual Studio 2010
Project("{FAE04EC0-301F-11D3-BF4B-00C04F79EFBC}") = "Assembly-CSharp", "Assembly-CSharp.csproj", "{D0B46365-26FC-B77E-044B-82756ADAB1D9}"
EndProject
Project("{FAE04EC0-301F-11D3-BF4B-00C04F79EFBC}") = "PhotonUnityNetworking.Utilities", "PhotonUnityNetworking.Utilities.csproj", "{ED879184-18CA-77C2-81EE-7EBFFA6CF5C8}"
EndProject
Project("{FAE04EC0-301F-11D3-BF4B-00C04F79EFBC}") = "PhotonChat", "PhotonChat.csproj", "{D6E78EEF-2F60-BA72-D8CC-95A2D29AD0C7}"
EndProject
Project("{FAE04EC0-301F-11D3-BF4B-00C04F79EFBC}") = "PhotonUnityNetworking", "PhotonUnityNetworking.csproj", "{79D7FF75-041B-FD02-B9B1-8A2D5D352D4E}"
EndProject
Project("{FAE04EC0-301F-11D3-BF4B-00C04F79EFBC}") = "PhotonRealtime", "PhotonRealtime.csproj", "{1D521E13-55BD-8D23-344B-3B9CD5BD6B70}"
EndProject
Project("{FAE04EC0-301F-11D3-BF4B-00C04F79EFBC}") = "PhotonUnityNetworking.Editor", "PhotonUnityNetworking.Editor.csproj", "{278D0D6B-F5D8-D86E-05DB-B29678C194B9}"
EndProject
Project("{FAE04EC0-301F-11D3-BF4B-00C04F79EFBC}") = "PhotonUnityNetworking.Utilities.PhotonPlayer.Editor", "PhotonUnityNetworking.Utilities.PhotonPlayer.Editor.csproj", "{FBC50C2A-019F-B644-6A56-5654D190C0BA}"
EndProject
Project("{FAE04EC0-301F-11D3-BF4B-00C04F79EFBC}") = "PhotonUnityNetworking.Utilities.Culling.Editor", "PhotonUnityNetworking.Utilities.Culling.Editor.csproj", "{76E37E55-BDFB-6E03-A877-B7CA82968583}"
EndProject
Project("{FAE04EC0-301F-11D3-BF4B-00C04F79EFBC}") = "Assembly-CSharp-Editor", "Assembly-CSharp-Editor.csproj", "{5B97FB16-0AD6-BA27-CC3A-89E520B1DD6C}"
EndProject
Global
	GlobalSection(SolutionConfigurationPlatforms) = preSolution
		Debug|Any CPU = Debug|Any CPU
		Release|Any CPU = Release|Any CPU
	EndGlobalSection
	GlobalSection(ProjectConfigurationPlatforms) = postSolution
		{D0B46365-26FC-B77E-044B-82756ADAB1D9}.Debug|Any CPU.ActiveCfg = Debug|Any CPU
		{D0B46365-26FC-B77E-044B-82756ADAB1D9}.Debug|Any CPU.Build.0 = Debug|Any CPU
		{D0B46365-26FC-B77E-044B-82756ADAB1D9}.Release|Any CPU.ActiveCfg = Release|Any CPU
		{D0B46365-26FC-B77E-044B-82756ADAB1D9}.Release|Any CPU.Build.0 = Release|Any CPU
		{ED879184-18CA-77C2-81EE-7EBFFA6CF5C8}.Debug|Any CPU.ActiveCfg = Debug|Any CPU
		{ED879184-18CA-77C2-81EE-7EBFFA6CF5C8}.Debug|Any CPU.Build.0 = Debug|Any CPU
		{ED879184-18CA-77C2-81EE-7EBFFA6CF5C8}.Release|Any CPU.ActiveCfg = Release|Any CPU
		{ED879184-18CA-77C2-81EE-7EBFFA6CF5C8}.Release|Any CPU.Build.0 = Release|Any CPU
		{D6E78EEF-2F60-BA72-D8CC-95A2D29AD0C7}.Debug|Any CPU.ActiveCfg = Debug|Any CPU
		{D6E78EEF-2F60-BA72-D8CC-95A2D29AD0C7}.Debug|Any CPU.Build.0 = Debug|Any CPU
		{D6E78EEF-2F60-BA72-D8CC-95A2D29AD0C7}.Release|Any CPU.ActiveCfg = Release|Any CPU
		{D6E78EEF-2F60-BA72-D8CC-95A2D29AD0C7}.Release|Any CPU.Build.0 = Release|Any CPU
		{79D7FF75-041B-FD02-B9B1-8A2D5D352D4E}.Debug|Any CPU.ActiveCfg = Debug|Any CPU
		{79D7FF75-041B-FD02-B9B1-8A2D5D352D4E}.Debug|Any CPU.Build.0 = Debug|Any CPU
		{79D7FF75-041B-FD02-B9B1-8A2D5D352D4E}.Release|Any CPU.ActiveCfg = Release|Any CPU
		{79D7FF75-041B-FD02-B9B1-8A2D5D352D4E}.Release|Any CPU.Build.0 = Release|Any CPU
		{1D521E13-55BD-8D23-344B-3B9CD5BD6B70}.Debug|Any CPU.ActiveCfg = Debug|Any CPU
		{1D521E13-55BD-8D23-344B-3B9CD5BD6B70}.Debug|Any CPU.Build.0 = Debug|Any CPU
		{1D521E13-55BD-8D23-344B-3B9CD5BD6B70}.Release|Any CPU.ActiveCfg = Release|Any CPU
		{1D521E13-55BD-8D23-344B-3B9CD5BD6B70}.Release|Any CPU.Build.0 = Release|Any CPU
		{278D0D6B-F5D8-D86E-05DB-B29678C194B9}.Debug|Any CPU.ActiveCfg = Debug|Any CPU
		{278D0D6B-F5D8-D86E-05DB-B29678C194B9}.Debug|Any CPU.Build.0 = Debug|Any CPU
		{278D0D6B-F5D8-D86E-05DB-B29678C194B9}.Release|Any CPU.ActiveCfg = Release|Any CPU
		{278D0D6B-F5D8-D86E-05DB-B29678C194B9}.Release|Any CPU.Build.0 = Release|Any CPU
		{FBC50C2A-019F-B644-6A56-5654D190C0BA}.Debug|Any CPU.ActiveCfg = Debug|Any CPU
		{FBC50C2A-019F-B644-6A56-5654D190C0BA}.Debug|Any CPU.Build.0 = Debug|Any CPU
		{FBC50C2A-019F-B644-6A56-5654D190C0BA}.Release|Any CPU.ActiveCfg = Release|Any CPU
		{FBC50C2A-019F-B644-6A56-5654D190C0BA}.Release|Any CPU.Build.0 = Release|Any CPU
		{76E37E55-BDFB-6E03-A877-B7CA82968583}.Debug|Any CPU.ActiveCfg = Debug|Any CPU
		{76E37E55-BDFB-6E03-A877-B7CA82968583}.Debug|Any CPU.Build.0 = Debug|Any CPU
		{76E37E55-BDFB-6E03-A877-B7CA82968583}.Release|Any CPU.ActiveCfg = Release|Any CPU
		{76E37E55-BDFB-6E03-A877-B7CA82968583}.Release|Any CPU.Build.0 = Release|Any CPU
		{5B97FB16-0AD6-BA27-CC3A-89E520B1DD6C}.Debug|Any CPU.ActiveCfg = Debug|Any CPU
		{5B97FB16-0AD6-BA27-CC3A-89E520B1DD6C}.Debug|Any CPU.Build.0 = Debug|Any CPU
		{5B97FB16-0AD6-BA27-CC3A-89E520B1DD6C}.Release|Any CPU.ActiveCfg = Release|Any CPU
		{5B97FB16-0AD6-BA27-CC3A-89E520B1DD6C}.Release|Any CPU.Build.0 = Release|Any CPU
	EndGlobalSection
	GlobalSection(SolutionProperties) = preSolution
		HideSolutionNode = FALSE
	EndGlobalSection
EndGlobal
